
Microsoft Visual Studio Solution File, Format Version 12.00
# Visual Studio Version 16
VisualStudioVersion = 16.0.30104.148
MinimumVisualStudioVersion = 10.0.40219.1
Project("{FAE04EC0-301F-11D3-BF4B-00C04F79EFBC}") = "Web_App_Testing_Git", "Web_App_Testing_Git\Web_App_Testing_Git.csproj", "{BAA82390-1805-49CC-B8AE-354189A11A42}"
EndProject
Global
	GlobalSection(SolutionConfigurationPlatforms) = preSolution
		Debug|Any CPU = Debug|Any CPU
		Release|Any CPU = Release|Any CPU
	EndGlobalSection
	GlobalSection(ProjectConfigurationPlatforms) = postSolution
		{BAA82390-1805-49CC-B8AE-354189A11A42}.Debug|Any CPU.ActiveCfg = Debug|Any CPU
		{BAA82390-1805-49CC-B8AE-354189A11A42}.Debug|Any CPU.Build.0 = Debug|Any CPU
		{BAA82390-1805-49CC-B8AE-354189A11A42}.Release|Any CPU.ActiveCfg = Release|Any CPU
		{BAA82390-1805-49CC-B8AE-354189A11A42}.Release|Any CPU.Build.0 = Release|Any CPU
	EndGlobalSection
	GlobalSection(SolutionProperties) = preSolution
		HideSolutionNode = FALSE
	EndGlobalSection
	GlobalSection(ExtensibilityGlobals) = postSolution
		SolutionGuid = {6E37506C-A058-4306-85D3-34F50C0ED737}
	EndGlobalSection
EndGlobal
